
Microsoft Visual Studio Solution File, Format Version 12.00
# Visual Studio Version 17
VisualStudioVersion = 17.4.33205.214
MinimumVisualStudioVersion = 10.0.40219.1
Project("{FAE04EC0-301F-11D3-BF4B-00C04F79EFBC}") = "NRM1-mysiteproject", "NRM1-mysiteproject\NRM1-mysiteproject.csproj", "{BC514BEF-8CAF-471A-BC33-EFD6762188BC}"
EndProject
Global
	GlobalSection(SolutionConfigurationPlatforms) = preSolution
		Debug|Any CPU = Debug|Any CPU
		Release|Any CPU = Release|Any CPU
	EndGlobalSection
	GlobalSection(ProjectConfigurationPlatforms) = postSolution
		{BC514BEF-8CAF-471A-BC33-EFD6762188BC}.Debug|Any CPU.ActiveCfg = Debug|Any CPU
		{BC514BEF-8CAF-471A-BC33-EFD6762188BC}.Debug|Any CPU.Build.0 = Debug|Any CPU
		{BC514BEF-8CAF-471A-BC33-EFD6762188BC}.Release|Any CPU.ActiveCfg = Release|Any CPU
		{BC514BEF-8CAF-471A-BC33-EFD6762188BC}.Release|Any CPU.Build.0 = Release|Any CPU
	EndGlobalSection
	GlobalSection(SolutionProperties) = preSolution
		HideSolutionNode = FALSE
	EndGlobalSection
	GlobalSection(ExtensibilityGlobals) = postSolution
		SolutionGuid = {F4E6E791-F131-4DBC-9501-AC1D2F1F52A2}
	EndGlobalSection
EndGlobal
